<?xml version="1.0" encoding="utf-8"?>
<Project ToolsVersion="4.0" xmlns="http://schemas.microsoft.com/developer/msbuild/2003">
  <ItemGroup>
    <Filter Include="Source Files">
      <UniqueIdentifier>{4FC737F1-C7A5-4376-A066-2A32D752A2FF}</UniqueIdentifier>
      <Extensions>cpp;c;cc;cxx;def;odl;idl;hpj;bat;asm;asmx</Extensions>
    </Filter>
    <Filter Include="Header Files">
      <UniqueIdentifier>{93995380-89BD-4b04-88EB-625FBE52EBFB}</UniqueIdentifier>
      <Extensions>h;hh;hpp;hxx;hm;inl;inc;ipp;xsd</Extensions>
    </Filter>
    <Filter Include="Resource Files">
      <UniqueIdentifier>{67DA6AB6-F800-4c08-8B7A-83BB121AAD01}</UniqueIdentifier>
      <Extensions>rc;ico;cur;bmp;dlg;rc2;rct;bin;rgs;gif;jpg;jpeg;jpe;resx;tiff;tif;png;wav;mfcribbon-ms</Extensions>
    </Filter>
  </ItemGroup>
  <ItemGroup>
    <ClCompile Include="Prompt412 Round 16 E. Reorder the Array.cpp">
      <Filter>Source Files</Filter>
    </ClCompile>
    <ClCompile Include="Prompt412 Round 17 C. Free Ice Cream.cpp">
      <Filter>Source Files</Filter>
    </ClCompile>
    <ClCompile Include="Prompt412 Round 16 D. Nicholas and Permutation.cpp">
      <Filter>Source Files</Filter>
    </ClCompile>
    <ClCompile Include="Prompt412 Round 16 C. New Year and Domino.cpp">
      <Filter>Source Files</Filter>
    </ClCompile>
    <ClCompile Include="Prompt412 Round 17 E. New Skateboard.cpp">
      <Filter>Source Files</Filter>
    </ClCompile>
    <ClCompile Include="Prompt412 Round 19 B. Forgery.cpp">
      <Filter>Source Files</Filter>
    </ClCompile>
    <ClCompile Include="Prompt412 Round 19 C. Minimum Binary Number.cpp">
      <Filter>Source Files</Filter>
    </ClCompile>
    <ClCompile Include="Prompt412 Round 19 E. Row.cpp">
      <Filter>Source Files</Filter>
    </ClCompile>
    <ClCompile Include="Prompt412 Round 17 D. Mentors.cpp">
      <Filter>Source Files</Filter>
    </ClCompile>
    <ClCompile Include="Prompt412 Round 19 D. Nikita and string.cpp">
      <Filter>Source Files</Filter>
    </ClCompile>
    <ClCompile Include="Prompt412 Round 20 A. Again Twenty Five.cpp">
      <Filter>Source Files</Filter>
    </ClCompile>
    <ClCompile Include="Prompt412 Round 20 B. A Prosperous Lot.cpp">
      <Filter>Source Files</Filter>
    </ClCompile>
    <ClCompile Include="Prompt412 Round 20 C. Lucky Year.cpp">
      <Filter>Source Files</Filter>
    </ClCompile>
    <ClCompile Include="Prompt412 Round 20 D. Parallelogram is Back.cpp">
      <Filter>Source Files</Filter>
    </ClCompile>
    <ClCompile Include="Prompt412 Round 20 E. Woodcutters.cpp">
      <Filter>Source Files</Filter>
    </ClCompile>
    <ClCompile Include="Prompt412 Round 17 A. Codehorses T-shirts.cpp">
      <Filter>Source Files</Filter>
    </ClCompile>
    <ClCompile Include="Prompt412 Round 17 B. Delete from the Left.cpp">
      <Filter>Source Files</Filter>
    </ClCompile>
    <ClCompile Include="Prompt412 Round 22 A.cpp">
      <Filter>Source Files</Filter>
    </ClCompile>
    <ClCompile Include="Prompt412 Round 22 B.cpp">
      <Filter>Source Files</Filter>
    </ClCompile>
    <ClCompile Include="Prompt412 Round 22 D.cpp">
      <Filter>Source Files</Filter>
    </ClCompile>
    <ClCompile Include="Prompt412 Round 22 E.cpp">
      <Filter>Source Files</Filter>
    </ClCompile>
    <ClCompile Include="Prompt412 Round 22 C.cpp">
      <Filter>Source Files</Filter>
    </ClCompile>
    <ClCompile Include="소스.cpp">
      <Filter>Source Files</Filter>
    </ClCompile>
    <ClCompile Include="Prompt412 Rount 26.cpp">
      <Filter>Source Files</Filter>
    </ClCompile>
    <ClCompile Include="Test.cpp">
      <Filter>Source Files</Filter>
    </ClCompile>
    <ClCompile Include="Prompt412 Round 28 B. Best Subsegment.cpp">
      <Filter>Source Files</Filter>
    </ClCompile>
  </ItemGroup>
</Project>